
Microsoft Visual Studio Solution File, Format Version 12.00
# Visual Studio 14
VisualStudioVersion = 14.0.24720.0
MinimumVisualStudioVersion = 10.0.40219.1
Project("{FAE04EC0-301F-11D3-BF4B-00C04F79EFBC}") = "Store.Domain", "Store.Domain\Store.Domain.csproj", "{CBF969FB-A0BA-49DC-A6A4-41AACA8FE6BB}"
EndProject
Project("{FAE04EC0-301F-11D3-BF4B-00C04F79EFBC}") = "Store.Infrastructure", "Store.Infrastructure\Store.Infrastructure.csproj", "{29FCB3D3-8E49-4C15-BB23-547D843FFB76}"
EndProject
Project("{FAE04EC0-301F-11D3-BF4B-00C04F79EFBC}") = "Store.Application", "Store.Application\Store.Application.csproj", "{162C0DEB-C72A-41DB-90B5-EAAE41714D53}"
EndProject
Project("{FAE04EC0-301F-11D3-BF4B-00C04F79EFBC}") = "Store.Common", "Store.Common\Store.Common.csproj", "{A2C2A784-3EFD-4D62-907D-D62FAC3ACF1B}"
EndProject
Project("{2150E333-8FDC-42A3-9474-1A3956D46DE8}") = "src", "src", "{FC6C0F0F-6C6A-4C9F-85FB-644AFCF0C1EC}"
EndProject
Project("{2150E333-8FDC-42A3-9474-1A3956D46DE8}") = "test", "test", "{73F30357-7468-494B-82A0-676DA471F4FD}"
EndProject
Project("{2150E333-8FDC-42A3-9474-1A3956D46DE8}") = "ObjectMothers", "ObjectMothers", "{C39A3106-4E70-4424-813B-0A71ED3AC4B7}"
EndProject
Project("{2150E333-8FDC-42A3-9474-1A3956D46DE8}") = "UnitTests", "UnitTests", "{3780861B-3246-406B-8B84-084DB79194BF}"
EndProject
Project("{FAE04EC0-301F-11D3-BF4B-00C04F79EFBC}") = "Store.ObjectMothers", "Store.ObjectMothers\Store.ObjectMothers.csproj", "{B9194086-2F2C-44DA-976E-63E4603239F8}"
EndProject
Project("{FAE04EC0-301F-11D3-BF4B-00C04F79EFBC}") = "Store.Application.UnitTests", "Store.Application.UnitTests\Store.Application.UnitTests.csproj", "{8E6D8FE6-8AEE-4824-9051-DB39D0EBDC85}"
EndProject
Global
	GlobalSection(SolutionConfigurationPlatforms) = preSolution
		Debug|Any CPU = Debug|Any CPU
		Release|Any CPU = Release|Any CPU
	EndGlobalSection
	GlobalSection(ProjectConfigurationPlatforms) = postSolution
		{CBF969FB-A0BA-49DC-A6A4-41AACA8FE6BB}.Debug|Any CPU.ActiveCfg = Debug|Any CPU
		{CBF969FB-A0BA-49DC-A6A4-41AACA8FE6BB}.Debug|Any CPU.Build.0 = Debug|Any CPU
		{CBF969FB-A0BA-49DC-A6A4-41AACA8FE6BB}.Release|Any CPU.ActiveCfg = Release|Any CPU
		{CBF969FB-A0BA-49DC-A6A4-41AACA8FE6BB}.Release|Any CPU.Build.0 = Release|Any CPU
		{29FCB3D3-8E49-4C15-BB23-547D843FFB76}.Debug|Any CPU.ActiveCfg = Debug|Any CPU
		{29FCB3D3-8E49-4C15-BB23-547D843FFB76}.Debug|Any CPU.Build.0 = Debug|Any CPU
		{29FCB3D3-8E49-4C15-BB23-547D843FFB76}.Release|Any CPU.ActiveCfg = Release|Any CPU
		{29FCB3D3-8E49-4C15-BB23-547D843FFB76}.Release|Any CPU.Build.0 = Release|Any CPU
		{162C0DEB-C72A-41DB-90B5-EAAE41714D53}.Debug|Any CPU.ActiveCfg = Debug|Any CPU
		{162C0DEB-C72A-41DB-90B5-EAAE41714D53}.Debug|Any CPU.Build.0 = Debug|Any CPU
		{162C0DEB-C72A-41DB-90B5-EAAE41714D53}.Release|Any CPU.ActiveCfg = Release|Any CPU
		{162C0DEB-C72A-41DB-90B5-EAAE41714D53}.Release|Any CPU.Build.0 = Release|Any CPU
		{A2C2A784-3EFD-4D62-907D-D62FAC3ACF1B}.Debug|Any CPU.ActiveCfg = Debug|Any CPU
		{A2C2A784-3EFD-4D62-907D-D62FAC3ACF1B}.Debug|Any CPU.Build.0 = Debug|Any CPU
		{A2C2A784-3EFD-4D62-907D-D62FAC3ACF1B}.Release|Any CPU.ActiveCfg = Release|Any CPU
		{A2C2A784-3EFD-4D62-907D-D62FAC3ACF1B}.Release|Any CPU.Build.0 = Release|Any CPU
		{B9194086-2F2C-44DA-976E-63E4603239F8}.Debug|Any CPU.ActiveCfg = Debug|Any CPU
		{B9194086-2F2C-44DA-976E-63E4603239F8}.Debug|Any CPU.Build.0 = Debug|Any CPU
		{B9194086-2F2C-44DA-976E-63E4603239F8}.Release|Any CPU.ActiveCfg = Release|Any CPU
		{B9194086-2F2C-44DA-976E-63E4603239F8}.Release|Any CPU.Build.0 = Release|Any CPU
		{8E6D8FE6-8AEE-4824-9051-DB39D0EBDC85}.Debug|Any CPU.ActiveCfg = Debug|Any CPU
		{8E6D8FE6-8AEE-4824-9051-DB39D0EBDC85}.Debug|Any CPU.Build.0 = Debug|Any CPU
		{8E6D8FE6-8AEE-4824-9051-DB39D0EBDC85}.Release|Any CPU.ActiveCfg = Release|Any CPU
		{8E6D8FE6-8AEE-4824-9051-DB39D0EBDC85}.Release|Any CPU.Build.0 = Release|Any CPU
	EndGlobalSection
	GlobalSection(SolutionProperties) = preSolution
		HideSolutionNode = FALSE
	EndGlobalSection
	GlobalSection(NestedProjects) = preSolution
		{CBF969FB-A0BA-49DC-A6A4-41AACA8FE6BB} = {FC6C0F0F-6C6A-4C9F-85FB-644AFCF0C1EC}
		{29FCB3D3-8E49-4C15-BB23-547D843FFB76} = {FC6C0F0F-6C6A-4C9F-85FB-644AFCF0C1EC}
		{162C0DEB-C72A-41DB-90B5-EAAE41714D53} = {FC6C0F0F-6C6A-4C9F-85FB-644AFCF0C1EC}
		{A2C2A784-3EFD-4D62-907D-D62FAC3ACF1B} = {FC6C0F0F-6C6A-4C9F-85FB-644AFCF0C1EC}
		{C39A3106-4E70-4424-813B-0A71ED3AC4B7} = {73F30357-7468-494B-82A0-676DA471F4FD}
		{3780861B-3246-406B-8B84-084DB79194BF} = {73F30357-7468-494B-82A0-676DA471F4FD}
		{B9194086-2F2C-44DA-976E-63E4603239F8} = {C39A3106-4E70-4424-813B-0A71ED3AC4B7}
		{8E6D8FE6-8AEE-4824-9051-DB39D0EBDC85} = {3780861B-3246-406B-8B84-084DB79194BF}
	EndGlobalSection
EndGlobal
