
Microsoft Visual Studio Solution File, Format Version 12.00
# Visual Studio 14
VisualStudioVersion = 14.0.24720.0
MinimumVisualStudioVersion = 10.0.40219.1
Project("{FAE04EC0-301F-11D3-BF4B-00C04F79EFBC}") = "Store.Domain", "Store.Domain\Store.Domain.csproj", "{CBF969FB-A0BA-49DC-A6A4-41AACA8FE6BB}"
EndProject
Project("{FAE04EC0-301F-11D3-BF4B-00C04F79EFBC}") = "Store.Infrastructure", "Store.Infrastructure\Store.Infrastructure.csproj", "{29FCB3D3-8E49-4C15-BB23-547D843FFB76}"
EndProject
Project("{FAE04EC0-301F-11D3-BF4B-00C04F79EFBC}") = "Store.Application", "Store.Application\Store.Application.csproj", "{162C0DEB-C72A-41DB-90B5-EAAE41714D53}"
EndProject
Global
	GlobalSection(SolutionConfigurationPlatforms) = preSolution
		Debug|Any CPU = Debug|Any CPU
		Release|Any CPU = Release|Any CPU
	EndGlobalSection
	GlobalSection(ProjectConfigurationPlatforms) = postSolution
		{CBF969FB-A0BA-49DC-A6A4-41AACA8FE6BB}.Debug|Any CPU.ActiveCfg = Debug|Any CPU
		{CBF969FB-A0BA-49DC-A6A4-41AACA8FE6BB}.Debug|Any CPU.Build.0 = Debug|Any CPU
		{CBF969FB-A0BA-49DC-A6A4-41AACA8FE6BB}.Release|Any CPU.ActiveCfg = Release|Any CPU
		{CBF969FB-A0BA-49DC-A6A4-41AACA8FE6BB}.Release|Any CPU.Build.0 = Release|Any CPU
		{29FCB3D3-8E49-4C15-BB23-547D843FFB76}.Debug|Any CPU.ActiveCfg = Debug|Any CPU
		{29FCB3D3-8E49-4C15-BB23-547D843FFB76}.Debug|Any CPU.Build.0 = Debug|Any CPU
		{29FCB3D3-8E49-4C15-BB23-547D843FFB76}.Release|Any CPU.ActiveCfg = Release|Any CPU
		{29FCB3D3-8E49-4C15-BB23-547D843FFB76}.Release|Any CPU.Build.0 = Release|Any CPU
		{162C0DEB-C72A-41DB-90B5-EAAE41714D53}.Debug|Any CPU.ActiveCfg = Debug|Any CPU
		{162C0DEB-C72A-41DB-90B5-EAAE41714D53}.Debug|Any CPU.Build.0 = Debug|Any CPU
		{162C0DEB-C72A-41DB-90B5-EAAE41714D53}.Release|Any CPU.ActiveCfg = Release|Any CPU
		{162C0DEB-C72A-41DB-90B5-EAAE41714D53}.Release|Any CPU.Build.0 = Release|Any CPU
	EndGlobalSection
	GlobalSection(SolutionProperties) = preSolution
		HideSolutionNode = FALSE
	EndGlobalSection
EndGlobal
